{
    "_readme": [
        "This file locks the dependencies of your project to a known state",
        "Read more about it at https://getcomposer.org/doc/01-basic-usage.md#composer-lock-the-lock-file",
        "This file is @generated automatically"
    ],
    "content-hash": "4f656fc320b3bd1dc2429be6d968197f",
    "packages": [
        {
            "name": "robrichards/wse-php",
            "version": "2.0.1",
            "source": {
                "type": "git",
                "url": "https://github.com/robrichards/wse-php.git",
                "reference": "5dde350ec77930f2ff6c1bb15c4d9e257b1d2496"
            },
            "dist": {
                "type": "zip",
                "url": "https://api.github.com/repos/robrichards/wse-php/zipball/5dde350ec77930f2ff6c1bb15c4d9e257b1d2496",
                "reference": "5dde350ec77930f2ff6c1bb15c4d9e257b1d2496",
                "shasum": ""
            },
            "require": {
                "php": ">= 5.3",
                "robrichards/xmlseclibs": "^2.0"
            },
            "type": "library",
            "autoload": {
                "psr-4": {
                    "RobRichards\\WsePhp\\": "src"
                }
            },
            "notification-url": "https://packagist.org/downloads/",
            "license": [
                "BSD-3-Clause"
            ],
            "authors": [
                {
                    "name": "Rob Richards",
                    "homepage": "http://www.cdatazone.org/",
                    "role": "Main developer"
                }
            ],
            "description": "Libraries for adding WS-* support to ext/soap in PHP.",
            "homepage": "https://github.com/robrichards/wse-php",
            "keywords": [
                "WS-Security",
                "soap",
                "ws-addressing"
            ],
            "time": "2017-03-09T16:42:34+00:00"
        },
        {
            "name": "robrichards/xmlseclibs",
            "version": "2.0.1",
            "source": {
                "type": "git",
                "url": "https://github.com/robrichards/xmlseclibs.git",
                "reference": "53bb1e9cae490a8f93af41bd9df6ea897161ca05"
            },
            "dist": {
                "type": "zip",
                "url": "https://api.github.com/repos/robrichards/xmlseclibs/zipball/53bb1e9cae490a8f93af41bd9df6ea897161ca05",
                "reference": "53bb1e9cae490a8f93af41bd9df6ea897161ca05",
                "shasum": ""
            },
            "require": {
                "php": ">= 5.3"
            },
            "suggest": {
                "ext/mcrypt": "MCrypt extension",
                "ext/openssl": "OpenSSL extension"
            },
            "type": "library",
            "autoload": {
                "psr-4": {
                    "RobRichards\\XMLSecLibs\\": "src"
                }
            },
            "notification-url": "https://packagist.org/downloads/",
            "license": [
                "BSD-3-Clause"
            ],
            "description": "A PHP library for XML Security",
            "homepage": "https://github.com/robrichards/xmlseclibs",
            "keywords": [
                "security",
                "signature",
                "xml",
                "xmldsig"
            ],
            "time": "2016-09-08T13:15:00+00:00"
        }
    ],
    "packages-dev": [
        {
            "name": "nette/tester",
            "version": "v1.7.1",
            "source": {
                "type": "git",
                "url": "https://github.com/nette/tester.git",
                "reference": "d97534578e8cf66eabe081e7d5eaa4dd527ab0c8"
            },
            "dist": {
                "type": "zip",
                "url": "https://api.github.com/repos/nette/tester/zipball/d97534578e8cf66eabe081e7d5eaa4dd527ab0c8",
                "reference": "d97534578e8cf66eabe081e7d5eaa4dd527ab0c8",
                "shasum": ""
            },
            "require": {
                "php": ">=5.3.0"
            },
            "bin": [
                "src/tester"
            ],
            "type": "library",
            "extra": {
                "branch-alias": {
                    "dev-master": "1.7-dev"
                }
            },
            "autoload": {
                "classmap": [
                    "src/"
                ]
            },
            "notification-url": "https://packagist.org/downloads/",
            "license": [
                "BSD-3-Clause",
                "GPL-2.0",
                "GPL-3.0"
            ],
            "authors": [
                {
                    "name": "David Grudl",
                    "homepage": "https://davidgrudl.com"
                },
                {
                    "name": "Nette Community",
                    "homepage": "https://nette.org/contributors"
                }
            ],
            "description": "An easy-to-use PHP unit testing framework.",
            "homepage": "https://tester.nette.org",
            "keywords": [
                "nette",
                "testing",
                "unit"
            ],
            "time": "2016-03-19T14:34:02+00:00"
        }
    ],
    "aliases": [],
    "minimum-stability": "dev",
    "stability-flags": [],
    "prefer-stable": true,
    "prefer-lowest": false,
    "platform": {
        "php": ">=5.6.0",
        "ext-curl": "*"
    },
    "platform-dev": []
}
